
Microsoft Visual Studio Solution File, Format Version 12.00
Project("{FAE04EC0-301F-11D3-BF4B-00C04F79EFBC}") = "Challenge_1", "Challenge_1\Challenge_1.csproj", "{541CFAEC-89CE-43F4-A0B6-B62936F18B67}"
EndProject
Project("{2150E333-8FDC-42A3-9474-1A3956D46DE8}") = "Challenge_1", "Challenge_1", "{3112D576-2D8E-4C3E-A5BA-C85EEEFD2980}"
EndProject
Project("{FAE04EC0-301F-11D3-BF4B-00C04F79EFBC}") = "Challenge_2", "Challenge_2\Challenge_2.csproj", "{5259199D-300B-4D65-A109-7759B1C575AE}"
EndProject
Project("{2150E333-8FDC-42A3-9474-1A3956D46DE8}") = "Challenge_2", "Challenge_2", "{A3D77F80-4640-4A9F-B3C9-FBDE712F301E}"
EndProject
Project("{2150E333-8FDC-42A3-9474-1A3956D46DE8}") = "C#_Primer", "C#_Primer", "{0F78F395-FC2A-4F75-B25F-0C2A56742650}"
EndProject
Project("{2150E333-8FDC-42A3-9474-1A3956D46DE8}") = "Recursion", "Recursion", "{6C61C467-0C7C-40FD-9461-A4D582E64F91}"
EndProject
Project("{FAE04EC0-301F-11D3-BF4B-00C04F79EFBC}") = "Challenge1", "Challenge1\Challenge1.csproj", "{AD88BB13-5EC5-470B-9058-4D3EE8CBA0A8}"
EndProject
Project("{FAE04EC0-301F-11D3-BF4B-00C04F79EFBC}") = "Challenge2", "Challenge2\Challenge2.csproj", "{D7D93CEE-04BF-4CD0-9DE9-079FD5F49EF0}"
EndProject
Project("{FAE04EC0-301F-11D3-BF4B-00C04F79EFBC}") = "Challenge3", "Challenge3\Challenge3.csproj", "{AA2EC9C0-F0BD-40D5-8B1B-A95D08CC2544}"
EndProject
Global
	GlobalSection(SolutionConfigurationPlatforms) = preSolution
		Debug|Any CPU = Debug|Any CPU
		Release|Any CPU = Release|Any CPU
	EndGlobalSection
	GlobalSection(ProjectConfigurationPlatforms) = postSolution
		{541CFAEC-89CE-43F4-A0B6-B62936F18B67}.Debug|Any CPU.ActiveCfg = Debug|Any CPU
		{541CFAEC-89CE-43F4-A0B6-B62936F18B67}.Debug|Any CPU.Build.0 = Debug|Any CPU
		{541CFAEC-89CE-43F4-A0B6-B62936F18B67}.Release|Any CPU.ActiveCfg = Release|Any CPU
		{541CFAEC-89CE-43F4-A0B6-B62936F18B67}.Release|Any CPU.Build.0 = Release|Any CPU
		{5259199D-300B-4D65-A109-7759B1C575AE}.Debug|Any CPU.ActiveCfg = Debug|Any CPU
		{5259199D-300B-4D65-A109-7759B1C575AE}.Debug|Any CPU.Build.0 = Debug|Any CPU
		{5259199D-300B-4D65-A109-7759B1C575AE}.Release|Any CPU.ActiveCfg = Release|Any CPU
		{5259199D-300B-4D65-A109-7759B1C575AE}.Release|Any CPU.Build.0 = Release|Any CPU
		{AD88BB13-5EC5-470B-9058-4D3EE8CBA0A8}.Debug|Any CPU.ActiveCfg = Debug|Any CPU
		{AD88BB13-5EC5-470B-9058-4D3EE8CBA0A8}.Debug|Any CPU.Build.0 = Debug|Any CPU
		{AD88BB13-5EC5-470B-9058-4D3EE8CBA0A8}.Release|Any CPU.ActiveCfg = Release|Any CPU
		{AD88BB13-5EC5-470B-9058-4D3EE8CBA0A8}.Release|Any CPU.Build.0 = Release|Any CPU
		{D7D93CEE-04BF-4CD0-9DE9-079FD5F49EF0}.Debug|Any CPU.ActiveCfg = Debug|Any CPU
		{D7D93CEE-04BF-4CD0-9DE9-079FD5F49EF0}.Debug|Any CPU.Build.0 = Debug|Any CPU
		{D7D93CEE-04BF-4CD0-9DE9-079FD5F49EF0}.Release|Any CPU.ActiveCfg = Release|Any CPU
		{D7D93CEE-04BF-4CD0-9DE9-079FD5F49EF0}.Release|Any CPU.Build.0 = Release|Any CPU
		{AA2EC9C0-F0BD-40D5-8B1B-A95D08CC2544}.Debug|Any CPU.ActiveCfg = Debug|Any CPU
		{AA2EC9C0-F0BD-40D5-8B1B-A95D08CC2544}.Debug|Any CPU.Build.0 = Debug|Any CPU
		{AA2EC9C0-F0BD-40D5-8B1B-A95D08CC2544}.Release|Any CPU.ActiveCfg = Release|Any CPU
		{AA2EC9C0-F0BD-40D5-8B1B-A95D08CC2544}.Release|Any CPU.Build.0 = Release|Any CPU
	EndGlobalSection
	GlobalSection(NestedProjects) = preSolution
		{541CFAEC-89CE-43F4-A0B6-B62936F18B67} = {3112D576-2D8E-4C3E-A5BA-C85EEEFD2980}
		{5259199D-300B-4D65-A109-7759B1C575AE} = {A3D77F80-4640-4A9F-B3C9-FBDE712F301E}
		{3112D576-2D8E-4C3E-A5BA-C85EEEFD2980} = {0F78F395-FC2A-4F75-B25F-0C2A56742650}
		{A3D77F80-4640-4A9F-B3C9-FBDE712F301E} = {0F78F395-FC2A-4F75-B25F-0C2A56742650}
		{AD88BB13-5EC5-470B-9058-4D3EE8CBA0A8} = {6C61C467-0C7C-40FD-9461-A4D582E64F91}
		{D7D93CEE-04BF-4CD0-9DE9-079FD5F49EF0} = {6C61C467-0C7C-40FD-9461-A4D582E64F91}
		{AA2EC9C0-F0BD-40D5-8B1B-A95D08CC2544} = {6C61C467-0C7C-40FD-9461-A4D582E64F91}
	EndGlobalSection
EndGlobal
